
Microsoft Visual Studio Solution File, Format Version 12.00
# Visual Studio 15
Project("{FAE04EC0-301F-11D3-BF4B-00C04F79EFBC}") = "Dictionaries_Library", "Dictionaries_Library\Dictionaries_Library.csproj", "{68466B06-D054-4E59-B81F-20269187B922}"
EndProject
Project("{FAE04EC0-301F-11D3-BF4B-00C04F79EFBC}") = "Dictionaries_Test", "Dictionaries_Test\Dictionaries_Test.csproj", "{66EEEE61-3DC4-4726-9E4D-C9907266929D}"
EndProject
Project("{FAE04EC0-301F-11D3-BF4B-00C04F79EFBC}") = "PersonRegister_Test", "PersonRegister_Test\PersonRegister_Test.csproj", "{B4C09ED1-55B7-484B-BDA5-8EDB3A23C650}"
EndProject
Project("{FAE04EC0-301F-11D3-BF4B-00C04F79EFBC}") = "PersonRegister_Library", "PersonRegister_Library\PersonRegister_Library.csproj", "{BCC5DC63-1EC6-497B-BD43-836ECE74AFAD}"
EndProject
Project("{FAE04EC0-301F-11D3-BF4B-00C04F79EFBC}") = "Overloading_Library", "Overloading_Library\Overloading_Library.csproj", "{B9E45B78-BEAB-4A78-A911-D9EB9BB66737}"
EndProject
Project("{FAE04EC0-301F-11D3-BF4B-00C04F79EFBC}") = "Overloading_Test", "Overloading_Test\Overloading_Test.csproj", "{FF90230A-F4BA-42AA-9AC5-61DA68F9AF20}"
EndProject
Global
	GlobalSection(SolutionConfigurationPlatforms) = preSolution
		Debug|Any CPU = Debug|Any CPU
		Release|Any CPU = Release|Any CPU
	EndGlobalSection
	GlobalSection(ProjectConfigurationPlatforms) = postSolution
		{68466B06-D054-4E59-B81F-20269187B922}.Debug|Any CPU.ActiveCfg = Debug|Any CPU
		{68466B06-D054-4E59-B81F-20269187B922}.Debug|Any CPU.Build.0 = Debug|Any CPU
		{68466B06-D054-4E59-B81F-20269187B922}.Release|Any CPU.ActiveCfg = Release|Any CPU
		{68466B06-D054-4E59-B81F-20269187B922}.Release|Any CPU.Build.0 = Release|Any CPU
		{66EEEE61-3DC4-4726-9E4D-C9907266929D}.Debug|Any CPU.ActiveCfg = Debug|Any CPU
		{66EEEE61-3DC4-4726-9E4D-C9907266929D}.Debug|Any CPU.Build.0 = Debug|Any CPU
		{66EEEE61-3DC4-4726-9E4D-C9907266929D}.Release|Any CPU.ActiveCfg = Release|Any CPU
		{66EEEE61-3DC4-4726-9E4D-C9907266929D}.Release|Any CPU.Build.0 = Release|Any CPU
		{B4C09ED1-55B7-484B-BDA5-8EDB3A23C650}.Debug|Any CPU.ActiveCfg = Debug|Any CPU
		{B4C09ED1-55B7-484B-BDA5-8EDB3A23C650}.Debug|Any CPU.Build.0 = Debug|Any CPU
		{B4C09ED1-55B7-484B-BDA5-8EDB3A23C650}.Release|Any CPU.ActiveCfg = Release|Any CPU
		{B4C09ED1-55B7-484B-BDA5-8EDB3A23C650}.Release|Any CPU.Build.0 = Release|Any CPU
		{BCC5DC63-1EC6-497B-BD43-836ECE74AFAD}.Debug|Any CPU.ActiveCfg = Debug|Any CPU
		{BCC5DC63-1EC6-497B-BD43-836ECE74AFAD}.Debug|Any CPU.Build.0 = Debug|Any CPU
		{BCC5DC63-1EC6-497B-BD43-836ECE74AFAD}.Release|Any CPU.ActiveCfg = Release|Any CPU
		{BCC5DC63-1EC6-497B-BD43-836ECE74AFAD}.Release|Any CPU.Build.0 = Release|Any CPU
		{B9E45B78-BEAB-4A78-A911-D9EB9BB66737}.Debug|Any CPU.ActiveCfg = Debug|Any CPU
		{B9E45B78-BEAB-4A78-A911-D9EB9BB66737}.Debug|Any CPU.Build.0 = Debug|Any CPU
		{B9E45B78-BEAB-4A78-A911-D9EB9BB66737}.Release|Any CPU.ActiveCfg = Release|Any CPU
		{B9E45B78-BEAB-4A78-A911-D9EB9BB66737}.Release|Any CPU.Build.0 = Release|Any CPU
		{FF90230A-F4BA-42AA-9AC5-61DA68F9AF20}.Debug|Any CPU.ActiveCfg = Debug|Any CPU
		{FF90230A-F4BA-42AA-9AC5-61DA68F9AF20}.Debug|Any CPU.Build.0 = Debug|Any CPU
		{FF90230A-F4BA-42AA-9AC5-61DA68F9AF20}.Release|Any CPU.ActiveCfg = Release|Any CPU
		{FF90230A-F4BA-42AA-9AC5-61DA68F9AF20}.Release|Any CPU.Build.0 = Release|Any CPU
	EndGlobalSection
EndGlobal
